
Microsoft Visual Studio Solution File, Format Version 12.00
# Visual Studio Version 16
VisualStudioVersion = 16.0.29728.190
MinimumVisualStudioVersion = 10.0.40219.1
Project("{FAE04EC0-301F-11D3-BF4B-00C04F79EFBC}") = "WcfServiceWithDatabaseAccess", "WcfServiceWithDatabaseAccess\WcfServiceWithDatabaseAccess.csproj", "{19B08245-6052-4EAA-B6C4-D6A6D7D6F904}"
EndProject
Project("{FAE04EC0-301F-11D3-BF4B-00C04F79EFBC}") = "DesktopClientToService", "ClientToService\DesktopClientToService.csproj", "{44561FC7-EE96-4558-943B-281C89A06157}"
EndProject
Project("{FAE04EC0-301F-11D3-BF4B-00C04F79EFBC}") = "WebClientToService", "WebClientToService\WebClientToService.csproj", "{B93CF96B-5280-4934-B366-AAEE7ADDE524}"
EndProject
Global
	GlobalSection(SolutionConfigurationPlatforms) = preSolution
		Debug|Any CPU = Debug|Any CPU
		Release|Any CPU = Release|Any CPU
	EndGlobalSection
	GlobalSection(ProjectConfigurationPlatforms) = postSolution
		{19B08245-6052-4EAA-B6C4-D6A6D7D6F904}.Debug|Any CPU.ActiveCfg = Debug|Any CPU
		{19B08245-6052-4EAA-B6C4-D6A6D7D6F904}.Debug|Any CPU.Build.0 = Debug|Any CPU
		{19B08245-6052-4EAA-B6C4-D6A6D7D6F904}.Release|Any CPU.ActiveCfg = Release|Any CPU
		{19B08245-6052-4EAA-B6C4-D6A6D7D6F904}.Release|Any CPU.Build.0 = Release|Any CPU
		{44561FC7-EE96-4558-943B-281C89A06157}.Debug|Any CPU.ActiveCfg = Debug|Any CPU
		{44561FC7-EE96-4558-943B-281C89A06157}.Debug|Any CPU.Build.0 = Debug|Any CPU
		{44561FC7-EE96-4558-943B-281C89A06157}.Release|Any CPU.ActiveCfg = Release|Any CPU
		{44561FC7-EE96-4558-943B-281C89A06157}.Release|Any CPU.Build.0 = Release|Any CPU
		{B93CF96B-5280-4934-B366-AAEE7ADDE524}.Debug|Any CPU.ActiveCfg = Debug|Any CPU
		{B93CF96B-5280-4934-B366-AAEE7ADDE524}.Debug|Any CPU.Build.0 = Debug|Any CPU
		{B93CF96B-5280-4934-B366-AAEE7ADDE524}.Release|Any CPU.ActiveCfg = Release|Any CPU
		{B93CF96B-5280-4934-B366-AAEE7ADDE524}.Release|Any CPU.Build.0 = Release|Any CPU
	EndGlobalSection
	GlobalSection(SolutionProperties) = preSolution
		HideSolutionNode = FALSE
	EndGlobalSection
	GlobalSection(ExtensibilityGlobals) = postSolution
		SolutionGuid = {B55182ED-AFCD-4763-A62C-525EB5B6F19F}
	EndGlobalSection
EndGlobal
