
Microsoft Visual Studio Solution File, Format Version 12.00
# Visual Studio Version 16
VisualStudioVersion = 16.0.29728.190
MinimumVisualStudioVersion = 10.0.40219.1
Project("{FAE04EC0-301F-11D3-BF4B-00C04F79EFBC}") = "WPF Windows Presentation Foundation Test1", "WPF Windows Presentation Foundation Test1\WPF Windows Presentation Foundation Test1.csproj", "{34BFC244-79DE-4A61-B6C8-04869C3DC50D}"
EndProject
Global
	GlobalSection(SolutionConfigurationPlatforms) = preSolution
		Debug|Any CPU = Debug|Any CPU
		Release|Any CPU = Release|Any CPU
	EndGlobalSection
	GlobalSection(ProjectConfigurationPlatforms) = postSolution
		{34BFC244-79DE-4A61-B6C8-04869C3DC50D}.Debug|Any CPU.ActiveCfg = Debug|Any CPU
		{34BFC244-79DE-4A61-B6C8-04869C3DC50D}.Debug|Any CPU.Build.0 = Debug|Any CPU
		{34BFC244-79DE-4A61-B6C8-04869C3DC50D}.Release|Any CPU.ActiveCfg = Release|Any CPU
		{34BFC244-79DE-4A61-B6C8-04869C3DC50D}.Release|Any CPU.Build.0 = Release|Any CPU
	EndGlobalSection
	GlobalSection(SolutionProperties) = preSolution
		HideSolutionNode = FALSE
	EndGlobalSection
	GlobalSection(ExtensibilityGlobals) = postSolution
		SolutionGuid = {B55182ED-AFCD-4763-A62C-525EB5B6F19F}
	EndGlobalSection
EndGlobal
